// !$*UTF8*$!
{
	archiveVersion = 1;
	classes = {
	};
	objectVersion = 55;
	objects = {

/* Begin PBXBuildFile section */
		C496350D276085EF00562D58 /* AppDelegate.swift in Sources */ = {isa = PBXBuildFile; fileRef = C496350C276085EF00562D58 /* AppDelegate.swift */; };
		C496350F276085EF00562D58 /* SceneDelegate.swift in Sources */ = {isa = PBXBuildFile; fileRef = C496350E276085EF00562D58 /* SceneDelegate.swift */; };
		C4963511276085EF00562D58 /* ViewController.swift in Sources */ = {isa = PBXBuildFile; fileRef = C4963510276085EF00562D58 /* ViewController.swift */; };
		C4963514276085EF00562D58 /* Main.storyboard in Resources */ = {isa = PBXBuildFile; fileRef = C4963512276085EF00562D58 /* Main.storyboard */; };
		C4963517276085EF00562D58 /* StudyCustomTabbar.xcdatamodeld in Sources */ = {isa = PBXBuildFile; fileRef = C4963515276085EF00562D58 /* StudyCustomTabbar.xcdatamodeld */; };
		C4963519276085F100562D58 /* Assets.xcassets in Resources */ = {isa = PBXBuildFile; fileRef = C4963518276085F100562D58 /* Assets.xcassets */; };
		C496351C276085F100562D58 /* LaunchScreen.storyboard in Resources */ = {isa = PBXBuildFile; fileRef = C496351A276085F100562D58 /* LaunchScreen.storyboard */; };
		C4963527276085F100562D58 /* StudyCustomTabbarTests.swift in Sources */ = {isa = PBXBuildFile; fileRef = C4963526276085F100562D58 /* StudyCustomTabbarTests.swift */; };
		C4963531276085F100562D58 /* StudyCustomTabbarUITests.swift in Sources */ = {isa = PBXBuildFile; fileRef = C4963530276085F100562D58 /* StudyCustomTabbarUITests.swift */; };
		C4963533276085F100562D58 /* StudyCustomTabbarUITestsLaunchTests.swift in Sources */ = {isa = PBXBuildFile; fileRef = C4963532276085F100562D58 /* StudyCustomTabbarUITestsLaunchTests.swift */; };
/* End PBXBuildFile section */

/* Begin PBXContainerItemProxy section */
		C4963523276085F100562D58 /* PBXContainerItemProxy */ = {
			isa = PBXContainerItemProxy;
			containerPortal = C4963501276085EF00562D58 /* Project object */;
			proxyType = 1;
			remoteGlobalIDString = C4963508276085EF00562D58;
			remoteInfo = StudyCustomTabbar;
		};
		C496352D276085F100562D58 /* PBXContainerItemProxy */ = {
			isa = PBXContainerItemProxy;
			containerPortal = C4963501276085EF00562D58 /* Project object */;
			proxyType = 1;
			remoteGlobalIDString = C4963508276085EF00562D58;
			remoteInfo = StudyCustomTabbar;
		};
/* End PBXContainerItemProxy section */

/* Begin PBXFileReference section */
		C4963509276085EF00562D58 /* StudyCustomTabbar.app */ = {isa = PBXFileReference; explicitFileType = wrapper.application; includeInIndex = 0; path = StudyCustomTabbar.app; sourceTree = BUILT_PRODUCTS_DIR; };
		C496350C276085EF00562D58 /* AppDelegate.swift */ = {isa = PBXFileReference; lastKnownFileType = sourcecode.swift; path = AppDelegate.swift; sourceTree = "<group>"; };
		C496350E276085EF00562D58 /* SceneDelegate.swift */ = {isa = PBXFileReference; lastKnownFileType = sourcecode.swift; path = SceneDelegate.swift; sourceTree = "<group>"; };
		C4963510276085EF00562D58 /* ViewController.swift */ = {isa = PBXFileReference; lastKnownFileType = sourcecode.swift; path = ViewController.swift; sourceTree = "<group>"; };
		C4963513276085EF00562D58 /* Base */ = {isa = PBXFileReference; lastKnownFileType = file.storyboard; name = Base; path = Base.lproj/Main.storyboard; sourceTree = "<group>"; };
		C4963516276085EF00562D58 /* StudyCustomTabbar.xcdatamodel */ = {isa = PBXFileReference; lastKnownFileType = wrapper.xcdatamodel; path = StudyCustomTabbar.xcdatamodel; sourceTree = "<group>"; };
		C4963518276085F100562D58 /* Assets.xcassets */ = {isa = PBXFileReference; lastKnownFileType = folder.assetcatalog; path = Assets.xcassets; sourceTree = "<group>"; };
		C496351B276085F100562D58 /* Base */ = {isa = PBXFileReference; lastKnownFileType = file.storyboard; name = Base; path = Base.lproj/LaunchScreen.storyboard; sourceTree = "<group>"; };
		C496351D276085F100562D58 /* Info.plist */ = {isa = PBXFileReference; lastKnownFileType = text.plist.xml; path = Info.plist; sourceTree = "<group>"; };
		C4963522276085F100562D58 /* StudyCustomTabbarTests.xctest */ = {isa = PBXFileReference; explicitFileType = wrapper.cfbundle; includeInIndex = 0; path = StudyCustomTabbarTests.xctest; sourceTree = BUILT_PRODUCTS_DIR; };
		C4963526276085F100562D58 /* StudyCustomTabbarTests.swift */ = {isa = PBXFileReference; lastKnownFileType = sourcecode.swift; path = StudyCustomTabbarTests.swift; sourceTree = "<group>"; };
		C496352C276085F100562D58 /* StudyCustomTabbarUITests.xctest */ = {isa = PBXFileReference; explicitFileType = wrapper.cfbundle; includeInIndex = 0; path = StudyCustomTabbarUITests.xctest; sourceTree = BUILT_PRODUCTS_DIR; };
		C4963530276085F100562D58 /* StudyCustomTabbarUITests.swift */ = {isa = PBXFileReference; lastKnownFileType = sourcecode.swift; path = StudyCustomTabbarUITests.swift; sourceTree = "<group>"; };
		C4963532276085F100562D58 /* StudyCustomTabbarUITestsLaunchTests.swift */ = {isa = PBXFileReference; lastKnownFileType = sourcecode.swift; path = StudyCustomTabbarUITestsLaunchTests.swift; sourceTree = "<group>"; };
/* End PBXFileReference section */

/* Begin PBXFrameworksBuildPhase section */
		C4963506276085EF00562D58 /* Frameworks */ = {
			isa = PBXFrameworksBuildPhase;
			buildActionMask = 2147483647;
			files = (
			);
			runOnlyForDeploymentPostprocessing = 0;
		};
		C496351F276085F100562D58 /* Frameworks */ = {
			isa = PBXFrameworksBuildPhase;
			buildActionMask = 2147483647;
			files = (
			);
			runOnlyForDeploymentPostprocessing = 0;
		};
		C4963529276085F100562D58 /* Frameworks */ = {
			isa = PBXFrameworksBuildPhase;
			buildActionMask = 2147483647;
			files = (
			);
			runOnlyForDeploymentPostprocessing = 0;
		};
/* End PBXFrameworksBuildPhase section */

/* Begin PBXGroup section */
		C4963500276085EF00562D58 = {
			isa = PBXGroup;
			children = (
				C496350B276085EF00562D58 /* StudyCustomTabbar */,
				C4963525276085F100562D58 /* StudyCustomTabbarTests */,
				C496352F276085F100562D58 /* StudyCustomTabbarUITests */,
				C496350A276085EF00562D58 /* Products */,
			);
			sourceTree = "<group>";
		};
		C496350A276085EF00562D58 /* Products */ = {
			isa = PBXGroup;
			children = (
				C4963509276085EF00562D58 /* StudyCustomTabbar.app */,
				C4963522276085F100562D58 /* StudyCustomTabbarTests.xctest */,
				C496352C276085F100562D58 /* StudyCustomTabbarUITests.xctest */,
			);
			name = Products;
			sourceTree = "<group>";
		};
		C496350B276085EF00562D58 /* StudyCustomTabbar */ = {
			isa = PBXGroup;
			children = (
				C496350C276085EF00562D58 /* AppDelegate.swift */,
				C496350E276085EF00562D58 /* SceneDelegate.swift */,
				C4963510276085EF00562D58 /* ViewController.swift */,
				C4963512276085EF00562D58 /* Main.storyboard */,
				C4963518276085F100562D58 /* Assets.xcassets */,
				C496351A276085F100562D58 /* LaunchScreen.storyboard */,
				C496351D276085F100562D58 /* Info.plist */,
				C4963515276085EF00562D58 /* StudyCustomTabbar.xcdatamodeld */,
			);
			path = StudyCustomTabbar;
			sourceTree = "<group>";
		};
		C4963525276085F100562D58 /* StudyCustomTabbarTests */ = {
			isa = PBXGroup;
			children = (
				C4963526276085F100562D58 /* StudyCustomTabbarTests.swift */,
			);
			path = StudyCustomTabbarTests;
			sourceTree = "<group>";
		};
		C496352F276085F100562D58 /* StudyCustomTabbarUITests */ = {
			isa = PBXGroup;
			children = (
				C4963530276085F100562D58 /* StudyCustomTabbarUITests.swift */,
				C4963532276085F100562D58 /* StudyCustomTabbarUITestsLaunchTests.swift */,
			);
			path = StudyCustomTabbarUITests;
			sourceTree = "<group>";
		};
/* End PBXGroup section */

/* Begin PBXNativeTarget section */
		C4963508276085EF00562D58 /* StudyCustomTabbar */ = {
			isa = PBXNativeTarget;
			buildConfigurationList = C4963536276085F100562D58 /* Build configuration list for PBXNativeTarget "StudyCustomTabbar" */;
			buildPhases = (
				C4963505276085EF00562D58 /* Sources */,
				C4963506276085EF00562D58 /* Frameworks */,
				C4963507276085EF00562D58 /* Resources */,
			);
			buildRules = (
			);
			dependencies = (
			);
			name = StudyCustomTabbar;
			productName = StudyCustomTabbar;
			productReference = C4963509276085EF00562D58 /* StudyCustomTabbar.app */;
			productType = "com.apple.product-type.application";
		};
		C4963521276085F100562D58 /* StudyCustomTabbarTests */ = {
			isa = PBXNativeTarget;
			buildConfigurationList = C4963539276085F100562D58 /* Build configuration list for PBXNativeTarget "StudyCustomTabbarTests" */;
			buildPhases = (
				C496351E276085F100562D58 /* Sources */,
				C496351F276085F100562D58 /* Frameworks */,
				C4963520276085F100562D58 /* Resources */,
			);
			buildRules = (
			);
			dependencies = (
				C4963524276085F100562D58 /* PBXTargetDependency */,
			);
			name = StudyCustomTabbarTests;
			productName = StudyCustomTabbarTests;
			productReference = C4963522276085F100562D58 /* StudyCustomTabbarTests.xctest */;
			productType = "com.apple.product-type.bundle.unit-test";
		};
		C496352B276085F100562D58 /* StudyCustomTabbarUITests */ = {
			isa = PBXNativeTarget;
			buildConfigurationList = C496353C276085F100562D58 /* Build configuration list for PBXNativeTarget "StudyCustomTabbarUITests" */;
			buildPhases = (
				C4963528276085F100562D58 /* Sources */,
				C4963529276085F100562D58 /* Frameworks */,
				C496352A276085F100562D58 /* Resources */,
			);
			buildRules = (
			);
			dependencies = (
				C496352E276085F100562D58 /* PBXTargetDependency */,
			);
			name = StudyCustomTabbarUITests;
			productName = StudyCustomTabbarUITests;
			productReference = C496352C276085F100562D58 /* StudyCustomTabbarUITests.xctest */;
			productType = "com.apple.product-type.bundle.ui-testing";
		};
/* End PBXNativeTarget section */

/* Begin PBXProject section */
		C4963501276085EF00562D58 /* Project object */ = {
			isa = PBXProject;
			attributes = {
				BuildIndependentTargetsInParallel = 1;
				LastSwiftUpdateCheck = 1310;
				LastUpgradeCheck = 1310;
				TargetAttributes = {
					C4963508276085EF00562D58 = {
						CreatedOnToolsVersion = 13.1;
					};
					C4963521276085F100562D58 = {
						CreatedOnToolsVersion = 13.1;
						TestTargetID = C4963508276085EF00562D58;
					};
					C496352B276085F100562D58 = {
						CreatedOnToolsVersion = 13.1;
						TestTargetID = C4963508276085EF00562D58;
					};
				};
			};
			buildConfigurationList = C4963504276085EF00562D58 /* Build configuration list for PBXProject "StudyCustomTabbar" */;
			compatibilityVersion = "Xcode 13.0";
			developmentRegion = en;
			hasScannedForEncodings = 0;
			knownRegions = (
				en,
				Base,
			);
			mainGroup = C4963500276085EF00562D58;
			productRefGroup = C496350A276085EF00562D58 /* Products */;
			projectDirPath = "";
			projectRoot = "";
			targets = (
				C4963508276085EF00562D58 /* StudyCustomTabbar */,
				C4963521276085F100562D58 /* StudyCustomTabbarTests */,
				C496352B276085F100562D58 /* StudyCustomTabbarUITests */,
			);
		};
/* End PBXProject section */

/* Begin PBXResourcesBuildPhase section */
		C4963507276085EF00562D58 /* Resources */ = {
			isa = PBXResourcesBuildPhase;
			buildActionMask = 2147483647;
			files = (
				C496351C276085F100562D58 /* LaunchScreen.storyboard in Resources */,
				C4963519276085F100562D58 /* Assets.xcassets in Resources */,
				C4963514276085EF00562D58 /* Main.storyboard in Resources */,
			);
			runOnlyForDeploymentPostprocessing = 0;
		};
		C4963520276085F100562D58 /* Resources */ = {
			isa = PBXResourcesBuildPhase;
			buildActionMask = 2147483647;
			files = (
			);
			runOnlyForDeploymentPostprocessing = 0;
		};
		C496352A276085F100562D58 /* Resources */ = {
			isa = PBXResourcesBuildPhase;
			buildActionMask = 2147483647;
			files = (
			);
			runOnlyForDeploymentPostprocessing = 0;
		};
/* End PBXResourcesBuildPhase section */

/* Begin PBXSourcesBuildPhase section */
		C4963505276085EF00562D58 /* Sources */ = {
			isa = PBXSourcesBuildPhase;
			buildActionMask = 2147483647;
			files = (
				C4963511276085EF00562D58 /* ViewController.swift in Sources */,
				C496350D276085EF00562D58 /* AppDelegate.swift in Sources */,
				C4963517276085EF00562D58 /* StudyCustomTabbar.xcdatamodeld in Sources */,
				C496350F276085EF00562D58 /* SceneDelegate.swift in Sources */,
			);
			runOnlyForDeploymentPostprocessing = 0;
		};
		C496351E276085F100562D58 /* Sources */ = {
			isa = PBXSourcesBuildPhase;
			buildActionMask = 2147483647;
			files = (
				C4963527276085F100562D58 /* StudyCustomTabbarTests.swift in Sources */,
			);
			runOnlyForDeploymentPostprocessing = 0;
		};
		C4963528276085F100562D58 /* Sources */ = {
			isa = PBXSourcesBuildPhase;
			buildActionMask = 2147483647;
			files = (
				C4963531276085F100562D58 /* StudyCustomTabbarUITests.swift in Sources */,
				C4963533276085F100562D58 /* StudyCustomTabbarUITestsLaunchTests.swift in Sources */,
			);
			runOnlyForDeploymentPostprocessing = 0;
		};
/* End PBXSourcesBuildPhase section */

/* Begin PBXTargetDependency section */
		C4963524276085F100562D58 /* PBXTargetDependency */ = {
			isa = PBXTargetDependency;
			target = C4963508276085EF00562D58 /* StudyCustomTabbar */;
			targetProxy = C4963523276085F100562D58 /* PBXContainerItemProxy */;
		};
		C496352E276085F100562D58 /* PBXTargetDependency */ = {
			isa = PBXTargetDependency;
			target = C4963508276085EF00562D58 /* StudyCustomTabbar */;
			targetProxy = C496352D276085F100562D58 /* PBXContainerItemProxy */;
		};
/* End PBXTargetDependency section */

/* Begin PBXVariantGroup section */
		C4963512276085EF00562D58 /* Main.storyboard */ = {
			isa = PBXVariantGroup;
			children = (
				C4963513276085EF00562D58 /* Base */,
			);
			name = Main.storyboard;
			sourceTree = "<group>";
		};
		C496351A276085F100562D58 /* LaunchScreen.storyboard */ = {
			isa = PBXVariantGroup;
			children = (
				C496351B276085F100562D58 /* Base */,
			);
			name = LaunchScreen.storyboard;
			sourceTree = "<group>";
		};
/* End PBXVariantGroup section */

/* Begin XCBuildConfiguration section */
		C4963534276085F100562D58 /* Debug */ = {
			isa = XCBuildConfiguration;
			buildSettings = {
				ALWAYS_SEARCH_USER_PATHS = NO;
				CLANG_ANALYZER_NONNULL = YES;
				CLANG_ANALYZER_NUMBER_OBJECT_CONVERSION = YES_AGGRESSIVE;
				CLANG_CXX_LANGUAGE_STANDARD = "gnu++17";
				CLANG_CXX_LIBRARY = "libc++";
				CLANG_ENABLE_MODULES = YES;
				CLANG_ENABLE_OBJC_ARC = YES;
				CLANG_ENABLE_OBJC_WEAK = YES;
				CLANG_WARN_BLOCK_CAPTURE_AUTORELEASING = YES;
				CLANG_WARN_BOOL_CONVERSION = YES;
				CLANG_WARN_COMMA = YES;
				CLANG_WARN_CONSTANT_CONVERSION = YES;
				CLANG_WARN_DEPRECATED_OBJC_IMPLEMENTATIONS = YES;
				CLANG_WARN_DIRECT_OBJC_ISA_USAGE = YES_ERROR;
				CLANG_WARN_DOCUMENTATION_COMMENTS = YES;
				CLANG_WARN_EMPTY_BODY = YES;
				CLANG_WARN_ENUM_CONVERSION = YES;
				CLANG_WARN_INFINITE_RECURSION = YES;
				CLANG_WARN_INT_CONVERSION = YES;
				CLANG_WARN_NON_LITERAL_NULL_CONVERSION = YES;
				CLANG_WARN_OBJC_IMPLICIT_RETAIN_SELF = YES;
				CLANG_WARN_OBJC_LITERAL_CONVERSION = YES;
				CLANG_WARN_OBJC_ROOT_CLASS = YES_ERROR;
				CLANG_WARN_QUOTED_INCLUDE_IN_FRAMEWORK_HEADER = YES;
				CLANG_WARN_RANGE_LOOP_ANALYSIS = YES;
				CLANG_WARN_STRICT_PROTOTYPES = YES;
				CLANG_WARN_SUSPICIOUS_MOVE = YES;
				CLANG_WARN_UNGUARDED_AVAILABILITY = YES_AGGRESSIVE;
				CLANG_WARN_UNREACHABLE_CODE = YES;
				CLANG_WARN__DUPLICATE_METHOD_MATCH = YES;
				COPY_PHASE_STRIP = NO;
				DEBUG_INFORMATION_FORMAT = dwarf;
				ENABLE_STRICT_OBJC_MSGSEND = YES;
				ENABLE_TESTABILITY = YES;
				GCC_C_LANGUAGE_STANDARD = gnu11;
				GCC_DYNAMIC_NO_PIC = NO;
				GCC_NO_COMMON_BLOCKS = YES;
				GCC_OPTIMIZATION_LEVEL = 0;
				GCC_PREPROCESSOR_DEFINITIONS = (
					"DEBUG=1",
					"$(inherited)",
				);
				GCC_WARN_64_TO_32_BIT_CONVERSION = YES;
				GCC_WARN_ABOUT_RETURN_TYPE = YES_ERROR;
				GCC_WARN_UNDECLARED_SELECTOR = YES;
				GCC_WARN_UNINITIALIZED_AUTOS = YES_AGGRESSIVE;
				GCC_WARN_UNUSED_FUNCTION = YES;
				GCC_WARN_UNUSED_VARIABLE = YES;
				IPHONEOS_DEPLOYMENT_TARGET = 15.0;
				MTL_ENABLE_DEBUG_INFO = INCLUDE_SOURCE;
				MTL_FAST_MATH = YES;
				ONLY_ACTIVE_ARCH = YES;
				SDKROOT = iphoneos;
				SWIFT_ACTIVE_COMPILATION_CONDITIONS = DEBUG;
				SWIFT_OPTIMIZATION_LEVEL = "-Onone";
			};
			name = Debug;
		};
		C4963535276085F100562D58 /* Release */ = {
			isa = XCBuildConfiguration;
			buildSettings = {
				ALWAYS_SEARCH_USER_PATHS = NO;
				CLANG_ANALYZER_NONNULL = YES;
				CLANG_ANALYZER_NUMBER_OBJECT_CONVERSION = YES_AGGRESSIVE;
				CLANG_CXX_LANGUAGE_STANDARD = "gnu++17";
				CLANG_CXX_LIBRARY = "libc++";
				CLANG_ENABLE_MODULES = YES;
				CLANG_ENABLE_OBJC_ARC = YES;
				CLANG_ENABLE_OBJC_WEAK = YES;
				CLANG_WARN_BLOCK_CAPTURE_AUTORELEASING = YES;
				CLANG_WARN_BOOL_CONVERSION = YES;
				CLANG_WARN_COMMA = YES;
				CLANG_WARN_CONSTANT_CONVERSION = YES;
				CLANG_WARN_DEPRECATED_OBJC_IMPLEMENTATIONS = YES;
				CLANG_WARN_DIRECT_OBJC_ISA_USAGE = YES_ERROR;
				CLANG_WARN_DOCUMENTATION_COMMENTS = YES;
				CLANG_WARN_EMPTY_BODY = YES;
				CLANG_WARN_ENUM_CONVERSION = YES;
				CLANG_WARN_INFINITE_RECURSION = YES;
				CLANG_WARN_INT_CONVERSION = YES;
				CLANG_WARN_NON_LITERAL_NULL_CONVERSION = YES;
				CLANG_WARN_OBJC_IMPLICIT_RETAIN_SELF = YES;
				CLANG_WARN_OBJC_LITERAL_CONVERSION = YES;
				CLANG_WARN_OBJC_ROOT_CLASS = YES_ERROR;
				CLANG_WARN_QUOTED_INCLUDE_IN_FRAMEWORK_HEADER = YES;
				CLANG_WARN_RANGE_LOOP_ANALYSIS = YES;
				CLANG_WARN_STRICT_PROTOTYPES = YES;
				CLANG_WARN_SUSPICIOUS_MOVE = YES;
				CLANG_WARN_UNGUARDED_AVAILABILITY = YES_AGGRESSIVE;
				CLANG_WARN_UNREACHABLE_CODE = YES;
				CLANG_WARN__DUPLICATE_METHOD_MATCH = YES;
				COPY_PHASE_STRIP = NO;
				DEBUG_INFORMATION_FORMAT = "dwarf-with-dsym";
				ENABLE_NS_ASSERTIONS = NO;
				ENABLE_STRICT_OBJC_MSGSEND = YES;
				GCC_C_LANGUAGE_STANDARD = gnu11;
				GCC_NO_COMMON_BLOCKS = YES;
				GCC_WARN_64_TO_32_BIT_CONVERSION = YES;
				GCC_WARN_ABOUT_RETURN_TYPE = YES_ERROR;
				GCC_WARN_UNDECLARED_SELECTOR = YES;
				GCC_WARN_UNINITIALIZED_AUTOS = YES_AGGRESSIVE;
				GCC_WARN_UNUSED_FUNCTION = YES;
				GCC_WARN_UNUSED_VARIABLE = YES;
				IPHONEOS_DEPLOYMENT_TARGET = 15.0;
				MTL_ENABLE_DEBUG_INFO = NO;
				MTL_FAST_MATH = YES;
				SDKROOT = iphoneos;
				SWIFT_COMPILATION_MODE = wholemodule;
				SWIFT_OPTIMIZATION_LEVEL = "-O";
				VALIDATE_PRODUCT = YES;
			};
			name = Release;
		};
		C4963537276085F100562D58 /* Debug */ = {
			isa = XCBuildConfiguration;
			buildSettings = {
				ASSETCATALOG_COMPILER_APPICON_NAME = AppIcon;
				ASSETCATALOG_COMPILER_GLOBAL_ACCENT_COLOR_NAME = AccentColor;
				CODE_SIGN_STYLE = Automatic;
				CURRENT_PROJECT_VERSION = 1;
				GENERATE_INFOPLIST_FILE = YES;
				INFOPLIST_FILE = StudyCustomTabbar/Info.plist;
				INFOPLIST_KEY_UIApplicationSupportsIndirectInputEvents = YES;
				INFOPLIST_KEY_UILaunchStoryboardName = LaunchScreen;
				INFOPLIST_KEY_UIMainStoryboardFile = Main;
				INFOPLIST_KEY_UISupportedInterfaceOrientations_iPad = "UIInterfaceOrientationPortrait UIInterfaceOrientationPortraitUpsideDown UIInterfaceOrientationLandscapeLeft UIInterfaceOrientationLandscapeRight";
				INFOPLIST_KEY_UISupportedInterfaceOrientations_iPhone = "UIInterfaceOrientationPortrait UIInterfaceOrientationLandscapeLeft UIInterfaceOrientationLandscapeRight";
				LD_RUNPATH_SEARCH_PATHS = (
					"$(inherited)",
					"@executable_path/Frameworks",
				);
				MARKETING_VERSION = 1.0;
				PRODUCT_BUNDLE_IDENTIFIER = Bard.StudyCustomTabbar;
				PRODUCT_NAME = "$(TARGET_NAME)";
				SWIFT_EMIT_LOC_STRINGS = YES;
				SWIFT_VERSION = 5.0;
				TARGETED_DEVICE_FAMILY = "1,2";
			};
			name = Debug;
		};
		C4963538276085F100562D58 /* Release */ = {
			isa = XCBuildConfiguration;
			buildSettings = {
				ASSETCATALOG_COMPILER_APPICON_NAME = AppIcon;
				ASSETCATALOG_COMPILER_GLOBAL_ACCENT_COLOR_NAME = AccentColor;
				CODE_SIGN_STYLE = Automatic;
				CURRENT_PROJECT_VERSION = 1;
				GENERATE_INFOPLIST_FILE = YES;
				INFOPLIST_FILE = StudyCustomTabbar/Info.plist;
				INFOPLIST_KEY_UIApplicationSupportsIndirectInputEvents = YES;
				INFOPLIST_KEY_UILaunchStoryboardName = LaunchScreen;
				INFOPLIST_KEY_UIMainStoryboardFile = Main;
				INFOPLIST_KEY_UISupportedInterfaceOrientations_iPad = "UIInterfaceOrientationPortrait UIInterfaceOrientationPortraitUpsideDown UIInterfaceOrientationLandscapeLeft UIInterfaceOrientationLandscapeRight";
				INFOPLIST_KEY_UISupportedInterfaceOrientations_iPhone = "UIInterfaceOrientationPortrait UIInterfaceOrientationLandscapeLeft UIInterfaceOrientationLandscapeRight";
				LD_RUNPATH_SEARCH_PATHS = (
					"$(inherited)",
					"@executable_path/Frameworks",
				);
				MARKETING_VERSION = 1.0;
				PRODUCT_BUNDLE_IDENTIFIER = Bard.StudyCustomTabbar;
				PRODUCT_NAME = "$(TARGET_NAME)";
				SWIFT_EMIT_LOC_STRINGS = YES;
				SWIFT_VERSION = 5.0;
				TARGETED_DEVICE_FAMILY = "1,2";
			};
			name = Release;
		};
		C496353A276085F100562D58 /* Debug */ = {
			isa = XCBuildConfiguration;
			buildSettings = {
				ALWAYS_EMBED_SWIFT_STANDARD_LIBRARIES = YES;
				BUNDLE_LOADER = "$(TEST_HOST)";
				CODE_SIGN_STYLE = Automatic;
				CURRENT_PROJECT_VERSION = 1;
				GENERATE_INFOPLIST_FILE = YES;
				IPHONEOS_DEPLOYMENT_TARGET = 15.0;
				LD_RUNPATH_SEARCH_PATHS = (
					"$(inherited)",
					"@executable_path/Frameworks",
					"@loader_path/Frameworks",
				);
				MARKETING_VERSION = 1.0;
				PRODUCT_BUNDLE_IDENTIFIER = Bard.StudyCustomTabbarTests;
				PRODUCT_NAME = "$(TARGET_NAME)";
				SWIFT_EMIT_LOC_STRINGS = NO;
				SWIFT_VERSION = 5.0;
				TARGETED_DEVICE_FAMILY = "1,2";
				TEST_HOST = "$(BUILT_PRODUCTS_DIR)/StudyCustomTabbar.app/StudyCustomTabbar";
			};
			name = Debug;
		};
		C496353B276085F100562D58 /* Release */ = {
			isa = XCBuildConfiguration;
			buildSettings = {
				ALWAYS_EMBED_SWIFT_STANDARD_LIBRARIES = YES;
				BUNDLE_LOADER = "$(TEST_HOST)";
				CODE_SIGN_STYLE = Automatic;
				CURRENT_PROJECT_VERSION = 1;
				GENERATE_INFOPLIST_FILE = YES;
				IPHONEOS_DEPLOYMENT_TARGET = 15.0;
				LD_RUNPATH_SEARCH_PATHS = (
					"$(inherited)",
					"@executable_path/Frameworks",
					"@loader_path/Frameworks",
				);
				MARKETING_VERSION = 1.0;
				PRODUCT_BUNDLE_IDENTIFIER = Bard.StudyCustomTabbarTests;
				PRODUCT_NAME = "$(TARGET_NAME)";
				SWIFT_EMIT_LOC_STRINGS = NO;
				SWIFT_VERSION = 5.0;
				TARGETED_DEVICE_FAMILY = "1,2";
				TEST_HOST = "$(BUILT_PRODUCTS_DIR)/StudyCustomTabbar.app/StudyCustomTabbar";
			};
			name = Release;
		};
		C496353D276085F100562D58 /* Debug */ = {
			isa = XCBuildConfiguration;
			buildSettings = {
				ALWAYS_EMBED_SWIFT_STANDARD_LIBRARIES = YES;
				CODE_SIGN_STYLE = Automatic;
				CURRENT_PROJECT_VERSION = 1;
				GENERATE_INFOPLIST_FILE = YES;
				LD_RUNPATH_SEARCH_PATHS = (
					"$(inherited)",
					"@executable_path/Frameworks",
					"@loader_path/Frameworks",
				);
				MARKETING_VERSION = 1.0;
				PRODUCT_BUNDLE_IDENTIFIER = Bard.StudyCustomTabbarUITests;
				PRODUCT_NAME = "$(TARGET_NAME)";
				SWIFT_EMIT_LOC_STRINGS = NO;
				SWIFT_VERSION = 5.0;
				TARGETED_DEVICE_FAMILY = "1,2";
				TEST_TARGET_NAME = StudyCustomTabbar;
			};
			name = Debug;
		};
		C496353E276085F100562D58 /* Release */ = {
			isa = XCBuildConfiguration;
			buildSettings = {
				ALWAYS_EMBED_SWIFT_STANDARD_LIBRARIES = YES;
				CODE_SIGN_STYLE = Automatic;
				CURRENT_PROJECT_VERSION = 1;
				GENERATE_INFOPLIST_FILE = YES;
				LD_RUNPATH_SEARCH_PATHS = (
					"$(inherited)",
					"@executable_path/Frameworks",
					"@loader_path/Frameworks",
				);
				MARKETING_VERSION = 1.0;
				PRODUCT_BUNDLE_IDENTIFIER = Bard.StudyCustomTabbarUITests;
				PRODUCT_NAME = "$(TARGET_NAME)";
				SWIFT_EMIT_LOC_STRINGS = NO;
				SWIFT_VERSION = 5.0;
				TARGETED_DEVICE_FAMILY = "1,2";
				TEST_TARGET_NAME = StudyCustomTabbar;
			};
			name = Release;
		};
/* End XCBuildConfiguration section */

/* Begin XCConfigurationList section */
		C4963504276085EF00562D58 /* Build configuration list for PBXProject "StudyCustomTabbar" */ = {
			isa = XCConfigurationList;
			buildConfigurations = (
				C4963534276085F100562D58 /* Debug */,
				C4963535276085F100562D58 /* Release */,
			);
			defaultConfigurationIsVisible = 0;
			defaultConfigurationName = Release;
		};
		C4963536276085F100562D58 /* Build configuration list for PBXNativeTarget "StudyCustomTabbar" */ = {
			isa = XCConfigurationList;
			buildConfigurations = (
				C4963537276085F100562D58 /* Debug */,
				C4963538276085F100562D58 /* Release */,
			);
			defaultConfigurationIsVisible = 0;
			defaultConfigurationName = Release;
		};
		C4963539276085F100562D58 /* Build configuration list for PBXNativeTarget "StudyCustomTabbarTests" */ = {
			isa = XCConfigurationList;
			buildConfigurations = (
				C496353A276085F100562D58 /* Debug */,
				C496353B276085F100562D58 /* Release */,
			);
			defaultConfigurationIsVisible = 0;
			defaultConfigurationName = Release;
		};
		C496353C276085F100562D58 /* Build configuration list for PBXNativeTarget "StudyCustomTabbarUITests" */ = {
			isa = XCConfigurationList;
			buildConfigurations = (
				C496353D276085F100562D58 /* Debug */,
				C496353E276085F100562D58 /* Release */,
			);
			defaultConfigurationIsVisible = 0;
			defaultConfigurationName = Release;
		};
/* End XCConfigurationList section */

/* Begin XCVersionGroup section */
		C4963515276085EF00562D58 /* StudyCustomTabbar.xcdatamodeld */ = {
			isa = XCVersionGroup;
			children = (
				C4963516276085EF00562D58 /* StudyCustomTabbar.xcdatamodel */,
			);
			currentVersion = C4963516276085EF00562D58 /* StudyCustomTabbar.xcdatamodel */;
			path = StudyCustomTabbar.xcdatamodeld;
			sourceTree = "<group>";
			versionGroupType = wrapper.xcdatamodel;
		};
/* End XCVersionGroup section */
	};
	rootObject = C4963501276085EF00562D58 /* Project object */;
}
